// !$*UTF8*$!
{
	archiveVersion = 1;
	classes = {
	};
	objectVersion = 46;
	objects = {

/* Begin PBXBuildFile section */
		CC6B6DC21A4DFDB0007E1A7C /* AppDelegate.swift in Sources */ = {isa = PBXBuildFile; fileRef = CC6B6DC11A4DFDB0007E1A7C /* AppDelegate.swift */; };
		CC6B6DC41A4DFDB0007E1A7C /* ViewController.swift in Sources */ = {isa = PBXBuildFile; fileRef = CC6B6DC31A4DFDB0007E1A7C /* ViewController.swift */; };
		CC6B6DC71A4DFDB1007E1A7C /* Main.storyboard in Resources */ = {isa = PBXBuildFile; fileRef = CC6B6DC51A4DFDB1007E1A7C /* Main.storyboard */; };
		CC6B6DC91A4DFDB1007E1A7C /* Images.xcassets in Resources */ = {isa = PBXBuildFile; fileRef = CC6B6DC81A4DFDB1007E1A7C /* Images.xcassets */; };
		CC6B6DCC1A4DFDB1007E1A7C /* LaunchScreen.xib in Resources */ = {isa = PBXBuildFile; fileRef = CC6B6DCA1A4DFDB1007E1A7C /* LaunchScreen.xib */; };
		CC6B6DD81A4DFDB2007E1A7C /* StormyTests.swift in Sources */ = {isa = PBXBuildFile; fileRef = CC6B6DD71A4DFDB2007E1A7C /* StormyTests.swift */; };
		CC6B6DE21A4E147F007E1A7C /* Current.swift in Sources */ = {isa = PBXBuildFile; fileRef = CC6B6DE11A4E147F007E1A7C /* Current.swift */; };
/* End PBXBuildFile section */

/* Begin PBXContainerItemProxy section */
		CC6B6DD21A4DFDB2007E1A7C /* PBXContainerItemProxy */ = {
			isa = PBXContainerItemProxy;
			containerPortal = CC6B6DB41A4DFDB0007E1A7C /* Project object */;
			proxyType = 1;
			remoteGlobalIDString = CC6B6DBB1A4DFDB0007E1A7C;
			remoteInfo = Stormy;
		};
/* End PBXContainerItemProxy section */

/* Begin PBXFileReference section */
		CC6B6DBC1A4DFDB0007E1A7C /* Stormy.app */ = {isa = PBXFileReference; explicitFileType = wrapper.application; includeInIndex = 0; path = Stormy.app; sourceTree = BUILT_PRODUCTS_DIR; };
		CC6B6DC01A4DFDB0007E1A7C /* Info.plist */ = {isa = PBXFileReference; lastKnownFileType = text.plist.xml; path = Info.plist; sourceTree = "<group>"; };
		CC6B6DC11A4DFDB0007E1A7C /* AppDelegate.swift */ = {isa = PBXFileReference; lastKnownFileType = sourcecode.swift; path = AppDelegate.swift; sourceTree = "<group>"; };
		CC6B6DC31A4DFDB0007E1A7C /* ViewController.swift */ = {isa = PBXFileReference; lastKnownFileType = sourcecode.swift; path = ViewController.swift; sourceTree = "<group>"; };
		CC6B6DC61A4DFDB1007E1A7C /* Base */ = {isa = PBXFileReference; lastKnownFileType = file.storyboard; name = Base; path = Base.lproj/Main.storyboard; sourceTree = "<group>"; };
		CC6B6DC81A4DFDB1007E1A7C /* Images.xcassets */ = {isa = PBXFileReference; lastKnownFileType = folder.assetcatalog; path = Images.xcassets; sourceTree = "<group>"; };
		CC6B6DCB1A4DFDB1007E1A7C /* Base */ = {isa = PBXFileReference; lastKnownFileType = file.xib; name = Base; path = Base.lproj/LaunchScreen.xib; sourceTree = "<group>"; };
		CC6B6DD11A4DFDB2007E1A7C /* StormyTests.xctest */ = {isa = PBXFileReference; explicitFileType = wrapper.cfbundle; includeInIndex = 0; path = StormyTests.xctest; sourceTree = BUILT_PRODUCTS_DIR; };
		CC6B6DD61A4DFDB2007E1A7C /* Info.plist */ = {isa = PBXFileReference; lastKnownFileType = text.plist.xml; path = Info.plist; sourceTree = "<group>"; };
		CC6B6DD71A4DFDB2007E1A7C /* StormyTests.swift */ = {isa = PBXFileReference; lastKnownFileType = sourcecode.swift; path = StormyTests.swift; sourceTree = "<group>"; };
		CC6B6DE11A4E147F007E1A7C /* Current.swift */ = {isa = PBXFileReference; fileEncoding = 4; lastKnownFileType = sourcecode.swift; path = Current.swift; sourceTree = "<group>"; };
/* End PBXFileReference section */

/* Begin PBXFrameworksBuildPhase section */
		CC6B6DB91A4DFDB0007E1A7C /* Frameworks */ = {
			isa = PBXFrameworksBuildPhase;
			buildActionMask = 2147483647;
			files = (
			);
			runOnlyForDeploymentPostprocessing = 0;
		};
		CC6B6DCE1A4DFDB2007E1A7C /* Frameworks */ = {
			isa = PBXFrameworksBuildPhase;
			buildActionMask = 2147483647;
			files = (
			);
			runOnlyForDeploymentPostprocessing = 0;
		};
/* End PBXFrameworksBuildPhase section */

/* Begin PBXGroup section */
		CC6B6DB31A4DFDB0007E1A7C = {
			isa = PBXGroup;
			children = (
				CC6B6DBE1A4DFDB0007E1A7C /* Stormy */,
				CC6B6DD41A4DFDB2007E1A7C /* StormyTests */,
				CC6B6DBD1A4DFDB0007E1A7C /* Products */,
			);
			sourceTree = "<group>";
		};
		CC6B6DBD1A4DFDB0007E1A7C /* Products */ = {
			isa = PBXGroup;
			children = (
				CC6B6DBC1A4DFDB0007E1A7C /* Stormy.app */,
				CC6B6DD11A4DFDB2007E1A7C /* StormyTests.xctest */,
			);
			name = Products;
			sourceTree = "<group>";
		};
		CC6B6DBE1A4DFDB0007E1A7C /* Stormy */ = {
			isa = PBXGroup;
			children = (
				CC6B6DC11A4DFDB0007E1A7C /* AppDelegate.swift */,
				CC6B6DC31A4DFDB0007E1A7C /* ViewController.swift */,
				CC6B6DE11A4E147F007E1A7C /* Current.swift */,
				CC6B6DC51A4DFDB1007E1A7C /* Main.storyboard */,
				CC6B6DC81A4DFDB1007E1A7C /* Images.xcassets */,
				CC6B6DCA1A4DFDB1007E1A7C /* LaunchScreen.xib */,
				CC6B6DBF1A4DFDB0007E1A7C /* Supporting Files */,
			);
			path = Stormy;
			sourceTree = "<group>";
		};
		CC6B6DBF1A4DFDB0007E1A7C /* Supporting Files */ = {
			isa = PBXGroup;
			children = (
				CC6B6DC01A4DFDB0007E1A7C /* Info.plist */,
			);
			name = "Supporting Files";
			sourceTree = "<group>";
		};
		CC6B6DD41A4DFDB2007E1A7C /* StormyTests */ = {
			isa = PBXGroup;
			children = (
				CC6B6DD71A4DFDB2007E1A7C /* StormyTests.swift */,
				CC6B6DD51A4DFDB2007E1A7C /* Supporting Files */,
			);
			path = StormyTests;
			sourceTree = "<group>";
		};
		CC6B6DD51A4DFDB2007E1A7C /* Supporting Files */ = {
			isa = PBXGroup;
			children = (
				CC6B6DD61A4DFDB2007E1A7C /* Info.plist */,
			);
			name = "Supporting Files";
			sourceTree = "<group>";
		};
/* End PBXGroup section */

/* Begin PBXNativeTarget section */
		CC6B6DBB1A4DFDB0007E1A7C /* Stormy */ = {
			isa = PBXNativeTarget;
			buildConfigurationList = CC6B6DDB1A4DFDB2007E1A7C /* Build configuration list for PBXNativeTarget "Stormy" */;
			buildPhases = (
				CC6B6DB81A4DFDB0007E1A7C /* Sources */,
				CC6B6DB91A4DFDB0007E1A7C /* Frameworks */,
				CC6B6DBA1A4DFDB0007E1A7C /* Resources */,
			);
			buildRules = (
			);
			dependencies = (
			);
			name = Stormy;
			productName = Stormy;
			productReference = CC6B6DBC1A4DFDB0007E1A7C /* Stormy.app */;
			productType = "com.apple.product-type.application";
		};
		CC6B6DD01A4DFDB2007E1A7C /* StormyTests */ = {
			isa = PBXNativeTarget;
			buildConfigurationList = CC6B6DDE1A4DFDB2007E1A7C /* Build configuration list for PBXNativeTarget "StormyTests" */;
			buildPhases = (
				CC6B6DCD1A4DFDB2007E1A7C /* Sources */,
				CC6B6DCE1A4DFDB2007E1A7C /* Frameworks */,
				CC6B6DCF1A4DFDB2007E1A7C /* Resources */,
			);
			buildRules = (
			);
			dependencies = (
				CC6B6DD31A4DFDB2007E1A7C /* PBXTargetDependency */,
			);
			name = StormyTests;
			productName = StormyTests;
			productReference = CC6B6DD11A4DFDB2007E1A7C /* StormyTests.xctest */;
			productType = "com.apple.product-type.bundle.unit-test";
		};
/* End PBXNativeTarget section */

/* Begin PBXProject section */
		CC6B6DB41A4DFDB0007E1A7C /* Project object */ = {
			isa = PBXProject;
			attributes = {
				LastUpgradeCheck = 0610;
				ORGANIZATIONNAME = Lifespice;
				TargetAttributes = {
					CC6B6DBB1A4DFDB0007E1A7C = {
						CreatedOnToolsVersion = 6.1.1;
					};
					CC6B6DD01A4DFDB2007E1A7C = {
						CreatedOnToolsVersion = 6.1.1;
						TestTargetID = CC6B6DBB1A4DFDB0007E1A7C;
					};
				};
			};
			buildConfigurationList = CC6B6DB71A4DFDB0007E1A7C /* Build configuration list for PBXProject "Stormy" */;
			compatibilityVersion = "Xcode 3.2";
			developmentRegion = English;
			hasScannedForEncodings = 0;
			knownRegions = (
				en,
				Base,
			);
			mainGroup = CC6B6DB31A4DFDB0007E1A7C;
			productRefGroup = CC6B6DBD1A4DFDB0007E1A7C /* Products */;
			projectDirPath = "";
			projectRoot = "";
			targets = (
				CC6B6DBB1A4DFDB0007E1A7C /* Stormy */,
				CC6B6DD01A4DFDB2007E1A7C /* StormyTests */,
			);
		};
/* End PBXProject section */

/* Begin PBXResourcesBuildPhase section */
		CC6B6DBA1A4DFDB0007E1A7C /* Resources */ = {
			isa = PBXResourcesBuildPhase;
			buildActionMask = 2147483647;
			files = (
				CC6B6DC71A4DFDB1007E1A7C /* Main.storyboard in Resources */,
				CC6B6DCC1A4DFDB1007E1A7C /* LaunchScreen.xib in Resources */,
				CC6B6DC91A4DFDB1007E1A7C /* Images.xcassets in Resources */,
			);
			runOnlyForDeploymentPostprocessing = 0;
		};
		CC6B6DCF1A4DFDB2007E1A7C /* Resources */ = {
			isa = PBXResourcesBuildPhase;
			buildActionMask = 2147483647;
			files = (
			);
			runOnlyForDeploymentPostprocessing = 0;
		};
/* End PBXResourcesBuildPhase section */

/* Begin PBXSourcesBuildPhase section */
		CC6B6DB81A4DFDB0007E1A7C /* Sources */ = {
			isa = PBXSourcesBuildPhase;
			buildActionMask = 2147483647;
			files = (
				CC6B6DE21A4E147F007E1A7C /* Current.swift in Sources */,
				CC6B6DC41A4DFDB0007E1A7C /* ViewController.swift in Sources */,
				CC6B6DC21A4DFDB0007E1A7C /* AppDelegate.swift in Sources */,
			);
			runOnlyForDeploymentPostprocessing = 0;
		};
		CC6B6DCD1A4DFDB2007E1A7C /* Sources */ = {
			isa = PBXSourcesBuildPhase;
			buildActionMask = 2147483647;
			files = (
				CC6B6DD81A4DFDB2007E1A7C /* StormyTests.swift in Sources */,
			);
			runOnlyForDeploymentPostprocessing = 0;
		};
/* End PBXSourcesBuildPhase section */

/* Begin PBXTargetDependency section */
		CC6B6DD31A4DFDB2007E1A7C /* PBXTargetDependency */ = {
			isa = PBXTargetDependency;
			target = CC6B6DBB1A4DFDB0007E1A7C /* Stormy */;
			targetProxy = CC6B6DD21A4DFDB2007E1A7C /* PBXContainerItemProxy */;
		};
/* End PBXTargetDependency section */

/* Begin PBXVariantGroup section */
		CC6B6DC51A4DFDB1007E1A7C /* Main.storyboard */ = {
			isa = PBXVariantGroup;
			children = (
				CC6B6DC61A4DFDB1007E1A7C /* Base */,
			);
			name = Main.storyboard;
			sourceTree = "<group>";
		};
		CC6B6DCA1A4DFDB1007E1A7C /* LaunchScreen.xib */ = {
			isa = PBXVariantGroup;
			children = (
				CC6B6DCB1A4DFDB1007E1A7C /* Base */,
			);
			name = LaunchScreen.xib;
			sourceTree = "<group>";
		};
/* End PBXVariantGroup section */

/* Begin XCBuildConfiguration section */
		CC6B6DD91A4DFDB2007E1A7C /* Debug */ = {
			isa = XCBuildConfiguration;
			buildSettings = {
				ALWAYS_SEARCH_USER_PATHS = NO;
				CLANG_CXX_LANGUAGE_STANDARD = "gnu++0x";
				CLANG_CXX_LIBRARY = "libc++";
				CLANG_ENABLE_MODULES = YES;
				CLANG_ENABLE_OBJC_ARC = YES;
				CLANG_WARN_BOOL_CONVERSION = YES;
				CLANG_WARN_CONSTANT_CONVERSION = YES;
				CLANG_WARN_DIRECT_OBJC_ISA_USAGE = YES_ERROR;
				CLANG_WARN_EMPTY_BODY = YES;
				CLANG_WARN_ENUM_CONVERSION = YES;
				CLANG_WARN_INT_CONVERSION = YES;
				CLANG_WARN_OBJC_ROOT_CLASS = YES_ERROR;
				CLANG_WARN_UNREACHABLE_CODE = YES;
				CLANG_WARN__DUPLICATE_METHOD_MATCH = YES;
				"CODE_SIGN_IDENTITY[sdk=iphoneos*]" = "iPhone Developer";
				COPY_PHASE_STRIP = NO;
				ENABLE_STRICT_OBJC_MSGSEND = YES;
				GCC_C_LANGUAGE_STANDARD = gnu99;
				GCC_DYNAMIC_NO_PIC = NO;
				GCC_OPTIMIZATION_LEVEL = 0;
				GCC_PREPROCESSOR_DEFINITIONS = (
					"DEBUG=1",
					"$(inherited)",
				);
				GCC_SYMBOLS_PRIVATE_EXTERN = NO;
				GCC_WARN_64_TO_32_BIT_CONVERSION = YES;
				GCC_WARN_ABOUT_RETURN_TYPE = YES_ERROR;
				GCC_WARN_UNDECLARED_SELECTOR = YES;
				GCC_WARN_UNINITIALIZED_AUTOS = YES_AGGRESSIVE;
				GCC_WARN_UNUSED_FUNCTION = YES;
				GCC_WARN_UNUSED_VARIABLE = YES;
				IPHONEOS_DEPLOYMENT_TARGET = 8.1;
				MTL_ENABLE_DEBUG_INFO = YES;
				ONLY_ACTIVE_ARCH = YES;
				SDKROOT = iphoneos;
				SWIFT_OPTIMIZATION_LEVEL = "-Onone";
			};
			name = Debug;
		};
		CC6B6DDA1A4DFDB2007E1A7C /* Release */ = {
			isa = XCBuildConfiguration;
			buildSettings = {
				ALWAYS_SEARCH_USER_PATHS = NO;
				CLANG_CXX_LANGUAGE_STANDARD = "gnu++0x";
				CLANG_CXX_LIBRARY = "libc++";
				CLANG_ENABLE_MODULES = YES;
				CLANG_ENABLE_OBJC_ARC = YES;
				CLANG_WARN_BOOL_CONVERSION = YES;
				CLANG_WARN_CONSTANT_CONVERSION = YES;
				CLANG_WARN_DIRECT_OBJC_ISA_USAGE = YES_ERROR;
				CLANG_WARN_EMPTY_BODY = YES;
				CLANG_WARN_ENUM_CONVERSION = YES;
				CLANG_WARN_INT_CONVERSION = YES;
				CLANG_WARN_OBJC_ROOT_CLASS = YES_ERROR;
				CLANG_WARN_UNREACHABLE_CODE = YES;
				CLANG_WARN__DUPLICATE_METHOD_MATCH = YES;
				"CODE_SIGN_IDENTITY[sdk=iphoneos*]" = "iPhone Developer";
				COPY_PHASE_STRIP = YES;
				ENABLE_NS_ASSERTIONS = NO;
				ENABLE_STRICT_OBJC_MSGSEND = YES;
				GCC_C_LANGUAGE_STANDARD = gnu99;
				GCC_WARN_64_TO_32_BIT_CONVERSION = YES;
				GCC_WARN_ABOUT_RETURN_TYPE = YES_ERROR;
				GCC_WARN_UNDECLARED_SELECTOR = YES;
				GCC_WARN_UNINITIALIZED_AUTOS = YES_AGGRESSIVE;
				GCC_WARN_UNUSED_FUNCTION = YES;
				GCC_WARN_UNUSED_VARIABLE = YES;
				IPHONEOS_DEPLOYMENT_TARGET = 8.1;
				MTL_ENABLE_DEBUG_INFO = NO;
				SDKROOT = iphoneos;
				VALIDATE_PRODUCT = YES;
			};
			name = Release;
		};
		CC6B6DDC1A4DFDB2007E1A7C /* Debug */ = {
			isa = XCBuildConfiguration;
			buildSettings = {
				ASSETCATALOG_COMPILER_APPICON_NAME = AppIcon;
				INFOPLIST_FILE = Stormy/Info.plist;
				LD_RUNPATH_SEARCH_PATHS = "$(inherited) @executable_path/Frameworks";
				PRODUCT_NAME = "$(TARGET_NAME)";
			};
			name = Debug;
		};
		CC6B6DDD1A4DFDB2007E1A7C /* Release */ = {
			isa = XCBuildConfiguration;
			buildSettings = {
				ASSETCATALOG_COMPILER_APPICON_NAME = AppIcon;
				INFOPLIST_FILE = Stormy/Info.plist;
				LD_RUNPATH_SEARCH_PATHS = "$(inherited) @executable_path/Frameworks";
				PRODUCT_NAME = "$(TARGET_NAME)";
			};
			name = Release;
		};
		CC6B6DDF1A4DFDB2007E1A7C /* Debug */ = {
			isa = XCBuildConfiguration;
			buildSettings = {
				BUNDLE_LOADER = "$(TEST_HOST)";
				FRAMEWORK_SEARCH_PATHS = (
					"$(SDKROOT)/Developer/Library/Frameworks",
					"$(inherited)",
				);
				GCC_PREPROCESSOR_DEFINITIONS = (
					"DEBUG=1",
					"$(inherited)",
				);
				INFOPLIST_FILE = StormyTests/Info.plist;
				LD_RUNPATH_SEARCH_PATHS = "$(inherited) @executable_path/Frameworks @loader_path/Frameworks";
				PRODUCT_NAME = "$(TARGET_NAME)";
				TEST_HOST = "$(BUILT_PRODUCTS_DIR)/Stormy.app/Stormy";
			};
			name = Debug;
		};
		CC6B6DE01A4DFDB2007E1A7C /* Release */ = {
			isa = XCBuildConfiguration;
			buildSettings = {
				BUNDLE_LOADER = "$(TEST_HOST)";
				FRAMEWORK_SEARCH_PATHS = (
					"$(SDKROOT)/Developer/Library/Frameworks",
					"$(inherited)",
				);
				INFOPLIST_FILE = StormyTests/Info.plist;
				LD_RUNPATH_SEARCH_PATHS = "$(inherited) @executable_path/Frameworks @loader_path/Frameworks";
				PRODUCT_NAME = "$(TARGET_NAME)";
				TEST_HOST = "$(BUILT_PRODUCTS_DIR)/Stormy.app/Stormy";
			};
			name = Release;
		};
/* End XCBuildConfiguration section */

/* Begin XCConfigurationList section */
		CC6B6DB71A4DFDB0007E1A7C /* Build configuration list for PBXProject "Stormy" */ = {
			isa = XCConfigurationList;
			buildConfigurations = (
				CC6B6DD91A4DFDB2007E1A7C /* Debug */,
				CC6B6DDA1A4DFDB2007E1A7C /* Release */,
			);
			defaultConfigurationIsVisible = 0;
			defaultConfigurationName = Release;
		};
		CC6B6DDB1A4DFDB2007E1A7C /* Build configuration list for PBXNativeTarget "Stormy" */ = {
			isa = XCConfigurationList;
			buildConfigurations = (
				CC6B6DDC1A4DFDB2007E1A7C /* Debug */,
				CC6B6DDD1A4DFDB2007E1A7C /* Release */,
			);
			defaultConfigurationIsVisible = 0;
		};
		CC6B6DDE1A4DFDB2007E1A7C /* Build configuration list for PBXNativeTarget "StormyTests" */ = {
			isa = XCConfigurationList;
			buildConfigurations = (
				CC6B6DDF1A4DFDB2007E1A7C /* Debug */,
				CC6B6DE01A4DFDB2007E1A7C /* Release */,
			);
			defaultConfigurationIsVisible = 0;
		};
/* End XCConfigurationList section */
	};
	rootObject = CC6B6DB41A4DFDB0007E1A7C /* Project object */;
}
