// !$*UTF8*$!
{
	archiveVersion = 1;
	classes = {
	};
	objectVersion = 46;
	objects = {

/* Begin PBXBuildFile section */
		0A278EAE4FA7CA75FC93E746 /* libPods.a in Frameworks */ = {isa = PBXBuildFile; fileRef = DD375C3566DEA257F6E5383B /* libPods.a */; };
		CC64BD421A5CF62900157E42 /* main.m in Sources */ = {isa = PBXBuildFile; fileRef = CC64BD411A5CF62900157E42 /* main.m */; };
		CC64BD451A5CF62900157E42 /* AppDelegate.m in Sources */ = {isa = PBXBuildFile; fileRef = CC64BD441A5CF62900157E42 /* AppDelegate.m */; };
		CC64BD481A5CF62900157E42 /* ViewController.m in Sources */ = {isa = PBXBuildFile; fileRef = CC64BD471A5CF62900157E42 /* ViewController.m */; };
		CC64BD4B1A5CF62900157E42 /* Main.storyboard in Resources */ = {isa = PBXBuildFile; fileRef = CC64BD491A5CF62900157E42 /* Main.storyboard */; };
		CC64BD4D1A5CF62900157E42 /* Images.xcassets in Resources */ = {isa = PBXBuildFile; fileRef = CC64BD4C1A5CF62900157E42 /* Images.xcassets */; };
		CC64BD501A5CF62900157E42 /* LaunchScreen.xib in Resources */ = {isa = PBXBuildFile; fileRef = CC64BD4E1A5CF62900157E42 /* LaunchScreen.xib */; };
		CC64BD5C1A5CF62900157E42 /* GradientTests.m in Sources */ = {isa = PBXBuildFile; fileRef = CC64BD5B1A5CF62900157E42 /* GradientTests.m */; };
/* End PBXBuildFile section */

/* Begin PBXContainerItemProxy section */
		CC64BD561A5CF62900157E42 /* PBXContainerItemProxy */ = {
			isa = PBXContainerItemProxy;
			containerPortal = CC64BD341A5CF62800157E42 /* Project object */;
			proxyType = 1;
			remoteGlobalIDString = CC64BD3B1A5CF62900157E42;
			remoteInfo = Gradient;
		};
/* End PBXContainerItemProxy section */

/* Begin PBXFileReference section */
		25DA539FF07B822D252B5B24 /* Pods.debug.xcconfig */ = {isa = PBXFileReference; includeInIndex = 1; lastKnownFileType = text.xcconfig; name = Pods.debug.xcconfig; path = "Pods/Target Support Files/Pods/Pods.debug.xcconfig"; sourceTree = "<group>"; };
		7FD548B2206C97874ACD45BB /* Pods.release.xcconfig */ = {isa = PBXFileReference; includeInIndex = 1; lastKnownFileType = text.xcconfig; name = Pods.release.xcconfig; path = "Pods/Target Support Files/Pods/Pods.release.xcconfig"; sourceTree = "<group>"; };
		CC64BD3C1A5CF62900157E42 /* Gradient.app */ = {isa = PBXFileReference; explicitFileType = wrapper.application; includeInIndex = 0; path = Gradient.app; sourceTree = BUILT_PRODUCTS_DIR; };
		CC64BD401A5CF62900157E42 /* Info.plist */ = {isa = PBXFileReference; lastKnownFileType = text.plist.xml; path = Info.plist; sourceTree = "<group>"; };
		CC64BD411A5CF62900157E42 /* main.m */ = {isa = PBXFileReference; lastKnownFileType = sourcecode.c.objc; path = main.m; sourceTree = "<group>"; };
		CC64BD431A5CF62900157E42 /* AppDelegate.h */ = {isa = PBXFileReference; lastKnownFileType = sourcecode.c.h; path = AppDelegate.h; sourceTree = "<group>"; };
		CC64BD441A5CF62900157E42 /* AppDelegate.m */ = {isa = PBXFileReference; lastKnownFileType = sourcecode.c.objc; path = AppDelegate.m; sourceTree = "<group>"; };
		CC64BD461A5CF62900157E42 /* ViewController.h */ = {isa = PBXFileReference; lastKnownFileType = sourcecode.c.h; path = ViewController.h; sourceTree = "<group>"; };
		CC64BD471A5CF62900157E42 /* ViewController.m */ = {isa = PBXFileReference; lastKnownFileType = sourcecode.c.objc; path = ViewController.m; sourceTree = "<group>"; };
		CC64BD4A1A5CF62900157E42 /* Base */ = {isa = PBXFileReference; lastKnownFileType = file.storyboard; name = Base; path = Base.lproj/Main.storyboard; sourceTree = "<group>"; };
		CC64BD4C1A5CF62900157E42 /* Images.xcassets */ = {isa = PBXFileReference; lastKnownFileType = folder.assetcatalog; path = Images.xcassets; sourceTree = "<group>"; };
		CC64BD4F1A5CF62900157E42 /* Base */ = {isa = PBXFileReference; lastKnownFileType = file.xib; name = Base; path = Base.lproj/LaunchScreen.xib; sourceTree = "<group>"; };
		CC64BD551A5CF62900157E42 /* GradientTests.xctest */ = {isa = PBXFileReference; explicitFileType = wrapper.cfbundle; includeInIndex = 0; path = GradientTests.xctest; sourceTree = BUILT_PRODUCTS_DIR; };
		CC64BD5A1A5CF62900157E42 /* Info.plist */ = {isa = PBXFileReference; lastKnownFileType = text.plist.xml; path = Info.plist; sourceTree = "<group>"; };
		CC64BD5B1A5CF62900157E42 /* GradientTests.m */ = {isa = PBXFileReference; lastKnownFileType = sourcecode.c.objc; path = GradientTests.m; sourceTree = "<group>"; };
		CC64BD651A5CF64C00157E42 /* Podfile */ = {isa = PBXFileReference; lastKnownFileType = text; path = Podfile; sourceTree = "<group>"; };
		DD375C3566DEA257F6E5383B /* libPods.a */ = {isa = PBXFileReference; explicitFileType = archive.ar; includeInIndex = 0; path = libPods.a; sourceTree = BUILT_PRODUCTS_DIR; };
/* End PBXFileReference section */

/* Begin PBXFrameworksBuildPhase section */
		CC64BD391A5CF62900157E42 /* Frameworks */ = {
			isa = PBXFrameworksBuildPhase;
			buildActionMask = 2147483647;
			files = (
				0A278EAE4FA7CA75FC93E746 /* libPods.a in Frameworks */,
			);
			runOnlyForDeploymentPostprocessing = 0;
		};
		CC64BD521A5CF62900157E42 /* Frameworks */ = {
			isa = PBXFrameworksBuildPhase;
			buildActionMask = 2147483647;
			files = (
			);
			runOnlyForDeploymentPostprocessing = 0;
		};
/* End PBXFrameworksBuildPhase section */

/* Begin PBXGroup section */
		CC64BD331A5CF62800157E42 = {
			isa = PBXGroup;
			children = (
				CC64BD651A5CF64C00157E42 /* Podfile */,
				CC64BD3E1A5CF62900157E42 /* Gradient */,
				CC64BD581A5CF62900157E42 /* GradientTests */,
				CC64BD3D1A5CF62900157E42 /* Products */,
				CC6B6870455F2D632D905BAC /* Pods */,
				F211F04E40DB4CA098E743EA /* Frameworks */,
			);
			sourceTree = "<group>";
		};
		CC64BD3D1A5CF62900157E42 /* Products */ = {
			isa = PBXGroup;
			children = (
				CC64BD3C1A5CF62900157E42 /* Gradient.app */,
				CC64BD551A5CF62900157E42 /* GradientTests.xctest */,
			);
			name = Products;
			sourceTree = "<group>";
		};
		CC64BD3E1A5CF62900157E42 /* Gradient */ = {
			isa = PBXGroup;
			children = (
				CC64BD431A5CF62900157E42 /* AppDelegate.h */,
				CC64BD441A5CF62900157E42 /* AppDelegate.m */,
				CC64BD461A5CF62900157E42 /* ViewController.h */,
				CC64BD471A5CF62900157E42 /* ViewController.m */,
				CC64BD491A5CF62900157E42 /* Main.storyboard */,
				CC64BD4C1A5CF62900157E42 /* Images.xcassets */,
				CC64BD4E1A5CF62900157E42 /* LaunchScreen.xib */,
				CC64BD3F1A5CF62900157E42 /* Supporting Files */,
			);
			path = Gradient;
			sourceTree = "<group>";
		};
		CC64BD3F1A5CF62900157E42 /* Supporting Files */ = {
			isa = PBXGroup;
			children = (
				CC64BD401A5CF62900157E42 /* Info.plist */,
				CC64BD411A5CF62900157E42 /* main.m */,
			);
			name = "Supporting Files";
			sourceTree = "<group>";
		};
		CC64BD581A5CF62900157E42 /* GradientTests */ = {
			isa = PBXGroup;
			children = (
				CC64BD5B1A5CF62900157E42 /* GradientTests.m */,
				CC64BD591A5CF62900157E42 /* Supporting Files */,
			);
			path = GradientTests;
			sourceTree = "<group>";
		};
		CC64BD591A5CF62900157E42 /* Supporting Files */ = {
			isa = PBXGroup;
			children = (
				CC64BD5A1A5CF62900157E42 /* Info.plist */,
			);
			name = "Supporting Files";
			sourceTree = "<group>";
		};
		CC6B6870455F2D632D905BAC /* Pods */ = {
			isa = PBXGroup;
			children = (
				25DA539FF07B822D252B5B24 /* Pods.debug.xcconfig */,
				7FD548B2206C97874ACD45BB /* Pods.release.xcconfig */,
			);
			name = Pods;
			sourceTree = "<group>";
		};
		F211F04E40DB4CA098E743EA /* Frameworks */ = {
			isa = PBXGroup;
			children = (
				DD375C3566DEA257F6E5383B /* libPods.a */,
			);
			name = Frameworks;
			sourceTree = "<group>";
		};
/* End PBXGroup section */

/* Begin PBXNativeTarget section */
		CC64BD3B1A5CF62900157E42 /* Gradient */ = {
			isa = PBXNativeTarget;
			buildConfigurationList = CC64BD5F1A5CF62900157E42 /* Build configuration list for PBXNativeTarget "Gradient" */;
			buildPhases = (
				59BA303BE3E99AA74EE68773 /* Check Pods Manifest.lock */,
				CC64BD381A5CF62900157E42 /* Sources */,
				CC64BD391A5CF62900157E42 /* Frameworks */,
				CC64BD3A1A5CF62900157E42 /* Resources */,
				B483DA1F3826A5C9B0AF08B8 /* Copy Pods Resources */,
			);
			buildRules = (
			);
			dependencies = (
			);
			name = Gradient;
			productName = Gradient;
			productReference = CC64BD3C1A5CF62900157E42 /* Gradient.app */;
			productType = "com.apple.product-type.application";
		};
		CC64BD541A5CF62900157E42 /* GradientTests */ = {
			isa = PBXNativeTarget;
			buildConfigurationList = CC64BD621A5CF62900157E42 /* Build configuration list for PBXNativeTarget "GradientTests" */;
			buildPhases = (
				CC64BD511A5CF62900157E42 /* Sources */,
				CC64BD521A5CF62900157E42 /* Frameworks */,
				CC64BD531A5CF62900157E42 /* Resources */,
			);
			buildRules = (
			);
			dependencies = (
				CC64BD571A5CF62900157E42 /* PBXTargetDependency */,
			);
			name = GradientTests;
			productName = GradientTests;
			productReference = CC64BD551A5CF62900157E42 /* GradientTests.xctest */;
			productType = "com.apple.product-type.bundle.unit-test";
		};
/* End PBXNativeTarget section */

/* Begin PBXProject section */
		CC64BD341A5CF62800157E42 /* Project object */ = {
			isa = PBXProject;
			attributes = {
				LastUpgradeCheck = 0610;
				ORGANIZATIONNAME = "Victoria Bian";
				TargetAttributes = {
					CC64BD3B1A5CF62900157E42 = {
						CreatedOnToolsVersion = 6.1.1;
					};
					CC64BD541A5CF62900157E42 = {
						CreatedOnToolsVersion = 6.1.1;
						TestTargetID = CC64BD3B1A5CF62900157E42;
					};
				};
			};
			buildConfigurationList = CC64BD371A5CF62800157E42 /* Build configuration list for PBXProject "Gradient" */;
			compatibilityVersion = "Xcode 3.2";
			developmentRegion = English;
			hasScannedForEncodings = 0;
			knownRegions = (
				en,
				Base,
			);
			mainGroup = CC64BD331A5CF62800157E42;
			productRefGroup = CC64BD3D1A5CF62900157E42 /* Products */;
			projectDirPath = "";
			projectRoot = "";
			targets = (
				CC64BD3B1A5CF62900157E42 /* Gradient */,
				CC64BD541A5CF62900157E42 /* GradientTests */,
			);
		};
/* End PBXProject section */

/* Begin PBXResourcesBuildPhase section */
		CC64BD3A1A5CF62900157E42 /* Resources */ = {
			isa = PBXResourcesBuildPhase;
			buildActionMask = 2147483647;
			files = (
				CC64BD4B1A5CF62900157E42 /* Main.storyboard in Resources */,
				CC64BD501A5CF62900157E42 /* LaunchScreen.xib in Resources */,
				CC64BD4D1A5CF62900157E42 /* Images.xcassets in Resources */,
			);
			runOnlyForDeploymentPostprocessing = 0;
		};
		CC64BD531A5CF62900157E42 /* Resources */ = {
			isa = PBXResourcesBuildPhase;
			buildActionMask = 2147483647;
			files = (
			);
			runOnlyForDeploymentPostprocessing = 0;
		};
/* End PBXResourcesBuildPhase section */

/* Begin PBXShellScriptBuildPhase section */
		59BA303BE3E99AA74EE68773 /* Check Pods Manifest.lock */ = {
			isa = PBXShellScriptBuildPhase;
			buildActionMask = 2147483647;
			files = (
			);
			inputPaths = (
			);
			name = "Check Pods Manifest.lock";
			outputPaths = (
			);
			runOnlyForDeploymentPostprocessing = 0;
			shellPath = /bin/sh;
			shellScript = "diff \"${PODS_ROOT}/../Podfile.lock\" \"${PODS_ROOT}/Manifest.lock\" > /dev/null\nif [[ $? != 0 ]] ; then\n    cat << EOM\nerror: The sandbox is not in sync with the Podfile.lock. Run 'pod install' or update your CocoaPods installation.\nEOM\n    exit 1\nfi\n";
			showEnvVarsInLog = 0;
		};
		B483DA1F3826A5C9B0AF08B8 /* Copy Pods Resources */ = {
			isa = PBXShellScriptBuildPhase;
			buildActionMask = 2147483647;
			files = (
			);
			inputPaths = (
			);
			name = "Copy Pods Resources";
			outputPaths = (
			);
			runOnlyForDeploymentPostprocessing = 0;
			shellPath = /bin/sh;
			shellScript = "\"${SRCROOT}/Pods/Target Support Files/Pods/Pods-resources.sh\"\n";
			showEnvVarsInLog = 0;
		};
/* End PBXShellScriptBuildPhase section */

/* Begin PBXSourcesBuildPhase section */
		CC64BD381A5CF62900157E42 /* Sources */ = {
			isa = PBXSourcesBuildPhase;
			buildActionMask = 2147483647;
			files = (
				CC64BD481A5CF62900157E42 /* ViewController.m in Sources */,
				CC64BD451A5CF62900157E42 /* AppDelegate.m in Sources */,
				CC64BD421A5CF62900157E42 /* main.m in Sources */,
			);
			runOnlyForDeploymentPostprocessing = 0;
		};
		CC64BD511A5CF62900157E42 /* Sources */ = {
			isa = PBXSourcesBuildPhase;
			buildActionMask = 2147483647;
			files = (
				CC64BD5C1A5CF62900157E42 /* GradientTests.m in Sources */,
			);
			runOnlyForDeploymentPostprocessing = 0;
		};
/* End PBXSourcesBuildPhase section */

/* Begin PBXTargetDependency section */
		CC64BD571A5CF62900157E42 /* PBXTargetDependency */ = {
			isa = PBXTargetDependency;
			target = CC64BD3B1A5CF62900157E42 /* Gradient */;
			targetProxy = CC64BD561A5CF62900157E42 /* PBXContainerItemProxy */;
		};
/* End PBXTargetDependency section */

/* Begin PBXVariantGroup section */
		CC64BD491A5CF62900157E42 /* Main.storyboard */ = {
			isa = PBXVariantGroup;
			children = (
				CC64BD4A1A5CF62900157E42 /* Base */,
			);
			name = Main.storyboard;
			sourceTree = "<group>";
		};
		CC64BD4E1A5CF62900157E42 /* LaunchScreen.xib */ = {
			isa = PBXVariantGroup;
			children = (
				CC64BD4F1A5CF62900157E42 /* Base */,
			);
			name = LaunchScreen.xib;
			sourceTree = "<group>";
		};
/* End PBXVariantGroup section */

/* Begin XCBuildConfiguration section */
		CC64BD5D1A5CF62900157E42 /* Debug */ = {
			isa = XCBuildConfiguration;
			buildSettings = {
				ALWAYS_SEARCH_USER_PATHS = NO;
				CLANG_CXX_LANGUAGE_STANDARD = "gnu++0x";
				CLANG_CXX_LIBRARY = "libc++";
				CLANG_ENABLE_MODULES = YES;
				CLANG_ENABLE_OBJC_ARC = YES;
				CLANG_WARN_BOOL_CONVERSION = YES;
				CLANG_WARN_CONSTANT_CONVERSION = YES;
				CLANG_WARN_DIRECT_OBJC_ISA_USAGE = YES_ERROR;
				CLANG_WARN_EMPTY_BODY = YES;
				CLANG_WARN_ENUM_CONVERSION = YES;
				CLANG_WARN_INT_CONVERSION = YES;
				CLANG_WARN_OBJC_ROOT_CLASS = YES_ERROR;
				CLANG_WARN_UNREACHABLE_CODE = YES;
				CLANG_WARN__DUPLICATE_METHOD_MATCH = YES;
				"CODE_SIGN_IDENTITY[sdk=iphoneos*]" = "iPhone Developer";
				COPY_PHASE_STRIP = NO;
				ENABLE_STRICT_OBJC_MSGSEND = YES;
				GCC_C_LANGUAGE_STANDARD = gnu99;
				GCC_DYNAMIC_NO_PIC = NO;
				GCC_OPTIMIZATION_LEVEL = 0;
				GCC_PREPROCESSOR_DEFINITIONS = (
					"DEBUG=1",
					"$(inherited)",
				);
				GCC_SYMBOLS_PRIVATE_EXTERN = NO;
				GCC_WARN_64_TO_32_BIT_CONVERSION = YES;
				GCC_WARN_ABOUT_RETURN_TYPE = YES_ERROR;
				GCC_WARN_UNDECLARED_SELECTOR = YES;
				GCC_WARN_UNINITIALIZED_AUTOS = YES_AGGRESSIVE;
				GCC_WARN_UNUSED_FUNCTION = YES;
				GCC_WARN_UNUSED_VARIABLE = YES;
				IPHONEOS_DEPLOYMENT_TARGET = 8.1;
				MTL_ENABLE_DEBUG_INFO = YES;
				ONLY_ACTIVE_ARCH = YES;
				SDKROOT = iphoneos;
			};
			name = Debug;
		};
		CC64BD5E1A5CF62900157E42 /* Release */ = {
			isa = XCBuildConfiguration;
			buildSettings = {
				ALWAYS_SEARCH_USER_PATHS = NO;
				CLANG_CXX_LANGUAGE_STANDARD = "gnu++0x";
				CLANG_CXX_LIBRARY = "libc++";
				CLANG_ENABLE_MODULES = YES;
				CLANG_ENABLE_OBJC_ARC = YES;
				CLANG_WARN_BOOL_CONVERSION = YES;
				CLANG_WARN_CONSTANT_CONVERSION = YES;
				CLANG_WARN_DIRECT_OBJC_ISA_USAGE = YES_ERROR;
				CLANG_WARN_EMPTY_BODY = YES;
				CLANG_WARN_ENUM_CONVERSION = YES;
				CLANG_WARN_INT_CONVERSION = YES;
				CLANG_WARN_OBJC_ROOT_CLASS = YES_ERROR;
				CLANG_WARN_UNREACHABLE_CODE = YES;
				CLANG_WARN__DUPLICATE_METHOD_MATCH = YES;
				"CODE_SIGN_IDENTITY[sdk=iphoneos*]" = "iPhone Developer";
				COPY_PHASE_STRIP = YES;
				ENABLE_NS_ASSERTIONS = NO;
				ENABLE_STRICT_OBJC_MSGSEND = YES;
				GCC_C_LANGUAGE_STANDARD = gnu99;
				GCC_WARN_64_TO_32_BIT_CONVERSION = YES;
				GCC_WARN_ABOUT_RETURN_TYPE = YES_ERROR;
				GCC_WARN_UNDECLARED_SELECTOR = YES;
				GCC_WARN_UNINITIALIZED_AUTOS = YES_AGGRESSIVE;
				GCC_WARN_UNUSED_FUNCTION = YES;
				GCC_WARN_UNUSED_VARIABLE = YES;
				IPHONEOS_DEPLOYMENT_TARGET = 8.1;
				MTL_ENABLE_DEBUG_INFO = NO;
				SDKROOT = iphoneos;
				VALIDATE_PRODUCT = YES;
			};
			name = Release;
		};
		CC64BD601A5CF62900157E42 /* Debug */ = {
			isa = XCBuildConfiguration;
			baseConfigurationReference = 25DA539FF07B822D252B5B24 /* Pods.debug.xcconfig */;
			buildSettings = {
				ASSETCATALOG_COMPILER_APPICON_NAME = AppIcon;
				INFOPLIST_FILE = Gradient/Info.plist;
				LD_RUNPATH_SEARCH_PATHS = "$(inherited) @executable_path/Frameworks";
				PRODUCT_NAME = "$(TARGET_NAME)";
			};
			name = Debug;
		};
		CC64BD611A5CF62900157E42 /* Release */ = {
			isa = XCBuildConfiguration;
			baseConfigurationReference = 7FD548B2206C97874ACD45BB /* Pods.release.xcconfig */;
			buildSettings = {
				ASSETCATALOG_COMPILER_APPICON_NAME = AppIcon;
				INFOPLIST_FILE = Gradient/Info.plist;
				LD_RUNPATH_SEARCH_PATHS = "$(inherited) @executable_path/Frameworks";
				PRODUCT_NAME = "$(TARGET_NAME)";
			};
			name = Release;
		};
		CC64BD631A5CF62900157E42 /* Debug */ = {
			isa = XCBuildConfiguration;
			buildSettings = {
				BUNDLE_LOADER = "$(TEST_HOST)";
				FRAMEWORK_SEARCH_PATHS = (
					"$(SDKROOT)/Developer/Library/Frameworks",
					"$(inherited)",
				);
				GCC_PREPROCESSOR_DEFINITIONS = (
					"DEBUG=1",
					"$(inherited)",
				);
				INFOPLIST_FILE = GradientTests/Info.plist;
				LD_RUNPATH_SEARCH_PATHS = "$(inherited) @executable_path/Frameworks @loader_path/Frameworks";
				PRODUCT_NAME = "$(TARGET_NAME)";
				TEST_HOST = "$(BUILT_PRODUCTS_DIR)/Gradient.app/Gradient";
			};
			name = Debug;
		};
		CC64BD641A5CF62900157E42 /* Release */ = {
			isa = XCBuildConfiguration;
			buildSettings = {
				BUNDLE_LOADER = "$(TEST_HOST)";
				FRAMEWORK_SEARCH_PATHS = (
					"$(SDKROOT)/Developer/Library/Frameworks",
					"$(inherited)",
				);
				INFOPLIST_FILE = GradientTests/Info.plist;
				LD_RUNPATH_SEARCH_PATHS = "$(inherited) @executable_path/Frameworks @loader_path/Frameworks";
				PRODUCT_NAME = "$(TARGET_NAME)";
				TEST_HOST = "$(BUILT_PRODUCTS_DIR)/Gradient.app/Gradient";
			};
			name = Release;
		};
/* End XCBuildConfiguration section */

/* Begin XCConfigurationList section */
		CC64BD371A5CF62800157E42 /* Build configuration list for PBXProject "Gradient" */ = {
			isa = XCConfigurationList;
			buildConfigurations = (
				CC64BD5D1A5CF62900157E42 /* Debug */,
				CC64BD5E1A5CF62900157E42 /* Release */,
			);
			defaultConfigurationIsVisible = 0;
			defaultConfigurationName = Release;
		};
		CC64BD5F1A5CF62900157E42 /* Build configuration list for PBXNativeTarget "Gradient" */ = {
			isa = XCConfigurationList;
			buildConfigurations = (
				CC64BD601A5CF62900157E42 /* Debug */,
				CC64BD611A5CF62900157E42 /* Release */,
			);
			defaultConfigurationIsVisible = 0;
			defaultConfigurationName = Release;
		};
		CC64BD621A5CF62900157E42 /* Build configuration list for PBXNativeTarget "GradientTests" */ = {
			isa = XCConfigurationList;
			buildConfigurations = (
				CC64BD631A5CF62900157E42 /* Debug */,
				CC64BD641A5CF62900157E42 /* Release */,
			);
			defaultConfigurationIsVisible = 0;
			defaultConfigurationName = Release;
		};
/* End XCConfigurationList section */
	};
	rootObject = CC64BD341A5CF62800157E42 /* Project object */;
}
